// !$*UTF8*$!
{
	archiveVersion = 1;
	classes = {
	};
	objectVersion = 46;
	objects = {

/* Begin PBXBuildFile section */
		B4BAE5C61D894A1600AAC795 /* Launch Screen.storyboard in Resources */ = {isa = PBXBuildFile; fileRef = B4BAE5C41D894A1600AAC795 /* Launch Screen.storyboard */; };
		EF4E139C18EE84A3005002C8 /* Foundation.framework in Frameworks */ = {isa = PBXBuildFile; fileRef = EF4E139B18EE84A3005002C8 /* Foundation.framework */; };
		EF4E139E18EE84A3005002C8 /* CoreGraphics.framework in Frameworks */ = {isa = PBXBuildFile; fileRef = EF4E139D18EE84A3005002C8 /* CoreGraphics.framework */; };
		EF4E13A018EE84A3005002C8 /* UIKit.framework in Frameworks */ = {isa = PBXBuildFile; fileRef = EF4E139F18EE84A3005002C8 /* UIKit.framework */; };
		EF4E13A618EE84A3005002C8 /* InfoPlist.strings in Resources */ = {isa = PBXBuildFile; fileRef = EF4E13A418EE84A3005002C8 /* InfoPlist.strings */; };
		EF4E13A818EE84A3005002C8 /* main.m in Sources */ = {isa = PBXBuildFile; fileRef = EF4E13A718EE84A3005002C8 /* main.m */; };
		EF4E13AC18EE84A3005002C8 /* LSCameraAppDelegate.m in Sources */ = {isa = PBXBuildFile; fileRef = EF4E13AB18EE84A3005002C8 /* LSCameraAppDelegate.m */; };
		EF4E13AF18EE84A3005002C8 /* Main.storyboard in Resources */ = {isa = PBXBuildFile; fileRef = EF4E13AD18EE84A3005002C8 /* Main.storyboard */; };
		EF4E13B218EE84A3005002C8 /* LSCameraViewController.m in Sources */ = {isa = PBXBuildFile; fileRef = EF4E13B118EE84A3005002C8 /* LSCameraViewController.m */; };
		EF4E13B418EE84A3005002C8 /* Images.xcassets in Resources */ = {isa = PBXBuildFile; fileRef = EF4E13B318EE84A3005002C8 /* Images.xcassets */; };
		EF4E13BB18EE84A3005002C8 /* XCTest.framework in Frameworks */ = {isa = PBXBuildFile; fileRef = EF4E13BA18EE84A3005002C8 /* XCTest.framework */; };
		EF4E13BC18EE84A3005002C8 /* Foundation.framework in Frameworks */ = {isa = PBXBuildFile; fileRef = EF4E139B18EE84A3005002C8 /* Foundation.framework */; };
		EF4E13BD18EE84A3005002C8 /* UIKit.framework in Frameworks */ = {isa = PBXBuildFile; fileRef = EF4E139F18EE84A3005002C8 /* UIKit.framework */; };
		EF4E13C518EE84A3005002C8 /* InfoPlist.strings in Resources */ = {isa = PBXBuildFile; fileRef = EF4E13C318EE84A3005002C8 /* InfoPlist.strings */; };
		EF4E13C718EE84A3005002C8 /* LSCameraDemoTests.m in Sources */ = {isa = PBXBuildFile; fileRef = EF4E13C618EE84A3005002C8 /* LSCameraDemoTests.m */; };
		EF4E13D918EE8666005002C8 /* AKCamera.bundle in Resources */ = {isa = PBXBuildFile; fileRef = EF4E13D718EE8666005002C8 /* AKCamera.bundle */; };
		EF4E141B18EE86C5005002C8 /* AKCameraBGM.m in Sources */ = {isa = PBXBuildFile; fileRef = EF4E13DD18EE86C5005002C8 /* AKCameraBGM.m */; };
		EF4E141C18EE86C5005002C8 /* AKCameraBGMCell.m in Sources */ = {isa = PBXBuildFile; fileRef = EF4E13DF18EE86C5005002C8 /* AKCameraBGMCell.m */; };
		EF4E141D18EE86C5005002C8 /* AKCameraCache.m in Sources */ = {isa = PBXBuildFile; fileRef = EF4E13E118EE86C5005002C8 /* AKCameraCache.m */; };
		EF4E141E18EE86C5005002C8 /* AKCameraCaputure.m in Sources */ = {isa = PBXBuildFile; fileRef = EF4E13E318EE86C5005002C8 /* AKCameraCaputure.m */; };
		EF4E141F18EE86C5005002C8 /* AKCameraChannelViewController.m in Sources */ = {isa = PBXBuildFile; fileRef = EF4E13E518EE86C5005002C8 /* AKCameraChannelViewController.m */; };
		EF4E142018EE86C5005002C8 /* AKCameraEditViewController.m in Sources */ = {isa = PBXBuildFile; fileRef = EF4E13E818EE86C5005002C8 /* AKCameraEditViewController.m */; };
		EF4E142118EE86C5005002C8 /* AKCameraExporter.m in Sources */ = {isa = PBXBuildFile; fileRef = EF4E13EA18EE86C5005002C8 /* AKCameraExporter.m */; };
		EF4E142218EE86C5005002C8 /* AKCameraFocusView.m in Sources */ = {isa = PBXBuildFile; fileRef = EF4E13EC18EE86C5005002C8 /* AKCameraFocusView.m */; };
		EF4E142318EE86C5005002C8 /* AKCameraLocationViewController.m in Sources */ = {isa = PBXBuildFile; fileRef = EF4E13EE18EE86C5005002C8 /* AKCameraLocationViewController.m */; };
		EF4E142418EE86C5005002C8 /* AKCameraMessageHUD.m in Sources */ = {isa = PBXBuildFile; fileRef = EF4E13F018EE86C5005002C8 /* AKCameraMessageHUD.m */; };
		EF4E142518EE86C5005002C8 /* AKCameraNavigationBar.m in Sources */ = {isa = PBXBuildFile; fileRef = EF4E13F218EE86C5005002C8 /* AKCameraNavigationBar.m */; };
		EF4E142618EE86C5005002C8 /* AKCameraNavigationController.m in Sources */ = {isa = PBXBuildFile; fileRef = EF4E13F418EE86C5005002C8 /* AKCameraNavigationController.m */; };
		EF4E142718EE86C5005002C8 /* AKCameraPlayer.m in Sources */ = {isa = PBXBuildFile; fileRef = EF4E13F618EE86C5005002C8 /* AKCameraPlayer.m */; };
		EF4E142818EE86C5005002C8 /* AKCameraProgressHUD.m in Sources */ = {isa = PBXBuildFile; fileRef = EF4E13F818EE86C5005002C8 /* AKCameraProgressHUD.m */; };
		EF4E142918EE86C5005002C8 /* AKCameraRecordView.m in Sources */ = {isa = PBXBuildFile; fileRef = EF4E13FA18EE86C5005002C8 /* AKCameraRecordView.m */; };
		EF4E142A18EE86C5005002C8 /* AKCameraRecordViewController.m in Sources */ = {isa = PBXBuildFile; fileRef = EF4E13FC18EE86C5005002C8 /* AKCameraRecordViewController.m */; };
		EF4E142B18EE86C5005002C8 /* AKCameraSaveViewController.m in Sources */ = {isa = PBXBuildFile; fileRef = EF4E13FE18EE86C5005002C8 /* AKCameraSaveViewController.m */; };
		EF4E142C18EE86C5005002C8 /* AKCameraSoundTrackView.m in Sources */ = {isa = PBXBuildFile; fileRef = EF4E140018EE86C5005002C8 /* AKCameraSoundTrackView.m */; };
		EF4E142D18EE86C5005002C8 /* AKCameraStyle.m in Sources */ = {isa = PBXBuildFile; fileRef = EF4E140218EE86C5005002C8 /* AKCameraStyle.m */; };
		EF4E142E18EE86C5005002C8 /* AKCameraSwitch.m in Sources */ = {isa = PBXBuildFile; fileRef = EF4E140418EE86C5005002C8 /* AKCameraSwitch.m */; settings = {COMPILER_FLAGS = "-fno-objc-arc"; }; };
		EF4E142F18EE86C5005002C8 /* AKCameraTextView.m in Sources */ = {isa = PBXBuildFile; fileRef = EF4E140618EE86C5005002C8 /* AKCameraTextView.m */; };
		EF4E143018EE86C5005002C8 /* AKCameraThumbnailPicker.m in Sources */ = {isa = PBXBuildFile; fileRef = EF4E140818EE86C5005002C8 /* AKCameraThumbnailPicker.m */; };
		EF4E143118EE86C5005002C8 /* AKCameraTool.m in Sources */ = {isa = PBXBuildFile; fileRef = EF4E140A18EE86C5005002C8 /* AKCameraTool.m */; };
		EF4E143218EE86C5005002C8 /* AKCameraUtils.m in Sources */ = {isa = PBXBuildFile; fileRef = EF4E140C18EE86C5005002C8 /* AKCameraUtils.m */; };
		EF4E143318EE86C5005002C8 /* AKCameraVideoPreview.m in Sources */ = {isa = PBXBuildFile; fileRef = EF4E140E18EE86C5005002C8 /* AKCameraVideoPreview.m */; };
		EF4E143418EE86C5005002C8 /* AKCameraViewController.m in Sources */ = {isa = PBXBuildFile; fileRef = EF4E141018EE86C5005002C8 /* AKCameraViewController.m */; };
		EF4E143518EE86C5005002C8 /* AKRecordProgressView.m in Sources */ = {isa = PBXBuildFile; fileRef = EF4E141218EE86C5005002C8 /* AKRecordProgressView.m */; };
		EF4E143618EE86C5005002C8 /* AKVideo.m in Sources */ = {isa = PBXBuildFile; fileRef = EF4E141418EE86C5005002C8 /* AKVideo.m */; };
		EF4E143718EE86C5005002C8 /* AVPlayer+TrackVolume.m in Sources */ = {isa = PBXBuildFile; fileRef = EF4E141618EE86C5005002C8 /* AVPlayer+TrackVolume.m */; };
		EF4E143818EE86C5005002C8 /* UIImage+AKExtension.m in Sources */ = {isa = PBXBuildFile; fileRef = EF4E141818EE86C5005002C8 /* UIImage+AKExtension.m */; };
		EF4E143918EE86C5005002C8 /* UIImage+AKResize.m in Sources */ = {isa = PBXBuildFile; fileRef = EF4E141A18EE86C5005002C8 /* UIImage+AKResize.m */; };
		EF4E145C18EE8E45005002C8 /* Diary.caf in Resources */ = {isa = PBXBuildFile; fileRef = EF4E143C18EE8E45005002C8 /* Diary.caf */; };
		EF4E145D18EE8E45005002C8 /* DT.caf in Resources */ = {isa = PBXBuildFile; fileRef = EF4E143D18EE8E45005002C8 /* DT.caf */; };
		EF4E145E18EE8E45005002C8 /* GQQ.caf in Resources */ = {isa = PBXBuildFile; fileRef = EF4E143E18EE8E45005002C8 /* GQQ.caf */; };
		EF4E145F18EE8E45005002C8 /* IBelieve.caf in Resources */ = {isa = PBXBuildFile; fileRef = EF4E143F18EE8E45005002C8 /* IBelieve.caf */; };
		EF4E146018EE8E45005002C8 /* KN.caf in Resources */ = {isa = PBXBuildFile; fileRef = EF4E144018EE8E45005002C8 /* KN.caf */; };
		EF4E146118EE8E45005002C8 /* LX.caf in Resources */ = {isa = PBXBuildFile; fileRef = EF4E144118EE8E45005002C8 /* LX.caf */; };
		EF4E146218EE8E45005002C8 /* Summer.caf in Resources */ = {isa = PBXBuildFile; fileRef = EF4E144218EE8E45005002C8 /* Summer.caf */; };
		EF4E146318EE8E45005002C8 /* TheMass.caf in Resources */ = {isa = PBXBuildFile; fileRef = EF4E144318EE8E45005002C8 /* TheMass.caf */; };
		EF4E146418EE8E45005002C8 /* XXX.caf in Resources */ = {isa = PBXBuildFile; fileRef = EF4E144418EE8E45005002C8 /* XXX.caf */; };
		EF4E146518EE8E45005002C8 /* ZG.caf in Resources */ = {isa = PBXBuildFile; fileRef = EF4E144518EE8E45005002C8 /* ZG.caf */; };
		EF4E146618EE8E45005002C8 /* bgm_cover_0.png in Resources */ = {isa = PBXBuildFile; fileRef = EF4E144618EE8E45005002C8 /* bgm_cover_0.png */; };
		EF4E146718EE8E45005002C8 /* bgm_cover_0@2x.png in Resources */ = {isa = PBXBuildFile; fileRef = EF4E144718EE8E45005002C8 /* bgm_cover_0@2x.png */; };
		EF4E146818EE8E45005002C8 /* bgm_cover_1.png in Resources */ = {isa = PBXBuildFile; fileRef = EF4E144818EE8E45005002C8 /* bgm_cover_1.png */; };
		EF4E146918EE8E45005002C8 /* bgm_cover_10.png in Resources */ = {isa = PBXBuildFile; fileRef = EF4E144918EE8E45005002C8 /* bgm_cover_10.png */; };
		EF4E146A18EE8E45005002C8 /* bgm_cover_10@2x.png in Resources */ = {isa = PBXBuildFile; fileRef = EF4E144A18EE8E45005002C8 /* bgm_cover_10@2x.png */; };
		EF4E146B18EE8E45005002C8 /* bgm_cover_1@2x.png in Resources */ = {isa = PBXBuildFile; fileRef = EF4E144B18EE8E45005002C8 /* bgm_cover_1@2x.png */; };
		EF4E146C18EE8E45005002C8 /* bgm_cover_2.png in Resources */ = {isa = PBXBuildFile; fileRef = EF4E144C18EE8E45005002C8 /* bgm_cover_2.png */; };
		EF4E146D18EE8E45005002C8 /* bgm_cover_2@2x.png in Resources */ = {isa = PBXBuildFile; fileRef = EF4E144D18EE8E45005002C8 /* bgm_cover_2@2x.png */; };
		EF4E146E18EE8E45005002C8 /* bgm_cover_3.png in Resources */ = {isa = PBXBuildFile; fileRef = EF4E144E18EE8E45005002C8 /* bgm_cover_3.png */; };
		EF4E146F18EE8E45005002C8 /* bgm_cover_3@2x.png in Resources */ = {isa = PBXBuildFile; fileRef = EF4E144F18EE8E45005002C8 /* bgm_cover_3@2x.png */; };
		EF4E147018EE8E45005002C8 /* bgm_cover_4.png in Resources */ = {isa = PBXBuildFile; fileRef = EF4E145018EE8E45005002C8 /* bgm_cover_4.png */; };
		EF4E147118EE8E45005002C8 /* bgm_cover_4@2x.png in Resources */ = {isa = PBXBuildFile; fileRef = EF4E145118EE8E45005002C8 /* bgm_cover_4@2x.png */; };
		EF4E147218EE8E45005002C8 /* bgm_cover_5.png in Resources */ = {isa = PBXBuildFile; fileRef = EF4E145218EE8E45005002C8 /* bgm_cover_5.png */; };
		EF4E147318EE8E45005002C8 /* bgm_cover_5@2x.png in Resources */ = {isa = PBXBuildFile; fileRef = EF4E145318EE8E45005002C8 /* bgm_cover_5@2x.png */; };
		EF4E147418EE8E45005002C8 /* bgm_cover_6.png in Resources */ = {isa = PBXBuildFile; fileRef = EF4E145418EE8E45005002C8 /* bgm_cover_6.png */; };
		EF4E147518EE8E45005002C8 /* bgm_cover_6@2x.png in Resources */ = {isa = PBXBuildFile; fileRef = EF4E145518EE8E45005002C8 /* bgm_cover_6@2x.png */; };
		EF4E147618EE8E45005002C8 /* bgm_cover_7.png in Resources */ = {isa = PBXBuildFile; fileRef = EF4E145618EE8E45005002C8 /* bgm_cover_7.png */; };
		EF4E147718EE8E45005002C8 /* bgm_cover_7@2x.png in Resources */ = {isa = PBXBuildFile; fileRef = EF4E145718EE8E45005002C8 /* bgm_cover_7@2x.png */; };
		EF4E147818EE8E45005002C8 /* bgm_cover_8.png in Resources */ = {isa = PBXBuildFile; fileRef = EF4E145818EE8E45005002C8 /* bgm_cover_8.png */; };
		EF4E147918EE8E45005002C8 /* bgm_cover_8@2x.png in Resources */ = {isa = PBXBuildFile; fileRef = EF4E145918EE8E45005002C8 /* bgm_cover_8@2x.png */; };
		EF4E147A18EE8E45005002C8 /* bgm_cover_9.png in Resources */ = {isa = PBXBuildFile; fileRef = EF4E145A18EE8E45005002C8 /* bgm_cover_9.png */; };
		EF4E147B18EE8E45005002C8 /* bgm_cover_9@2x.png in Resources */ = {isa = PBXBuildFile; fileRef = EF4E145B18EE8E45005002C8 /* bgm_cover_9@2x.png */; };
		EF4E147E18EE8F33005002C8 /* AKCameraDownloader.m in Sources */ = {isa = PBXBuildFile; fileRef = EF4E147D18EE8F33005002C8 /* AKCameraDownloader.m */; };
		EF4E148018EE8FC2005002C8 /* CFNetwork.framework in Frameworks */ = {isa = PBXBuildFile; fileRef = EF4E147F18EE8FC2005002C8 /* CFNetwork.framework */; };
		EF4E148318EEA482005002C8 /* UIImageView+AKCameraWebImageView.m in Sources */ = {isa = PBXBuildFile; fileRef = EF4E148218EEA482005002C8 /* UIImageView+AKCameraWebImageView.m */; };
		EF7745C318F53BAF008DB93A /* MediaPlayer.framework in Frameworks */ = {isa = PBXBuildFile; fileRef = EF7745C218F53BAF008DB93A /* MediaPlayer.framework */; };
/* End PBXBuildFile section */

/* Begin PBXContainerItemProxy section */
		EF4E13BE18EE84A3005002C8 /* PBXContainerItemProxy */ = {
			isa = PBXContainerItemProxy;
			containerPortal = EF4E139018EE84A3005002C8 /* Project object */;
			proxyType = 1;
			remoteGlobalIDString = EF4E139718EE84A3005002C8;
			remoteInfo = LSCameraDemo;
		};
/* End PBXContainerItemProxy section */

/* Begin PBXFileReference section */
		B4BAE5C51D894A1600AAC795 /* Base */ = {isa = PBXFileReference; lastKnownFileType = file.storyboard; name = Base; path = "Base.lproj/Launch Screen.storyboard"; sourceTree = "<group>"; };
		EF4E139818EE84A3005002C8 /* LSCameraDemo.app */ = {isa = PBXFileReference; explicitFileType = wrapper.application; includeInIndex = 0; path = LSCameraDemo.app; sourceTree = BUILT_PRODUCTS_DIR; };
		EF4E139B18EE84A3005002C8 /* Foundation.framework */ = {isa = PBXFileReference; lastKnownFileType = wrapper.framework; name = Foundation.framework; path = System/Library/Frameworks/Foundation.framework; sourceTree = SDKROOT; };
		EF4E139D18EE84A3005002C8 /* CoreGraphics.framework */ = {isa = PBXFileReference; lastKnownFileType = wrapper.framework; name = CoreGraphics.framework; path = System/Library/Frameworks/CoreGraphics.framework; sourceTree = SDKROOT; };
		EF4E139F18EE84A3005002C8 /* UIKit.framework */ = {isa = PBXFileReference; lastKnownFileType = wrapper.framework; name = UIKit.framework; path = System/Library/Frameworks/UIKit.framework; sourceTree = SDKROOT; };
		EF4E13A318EE84A3005002C8 /* LSCameraDemo-Info.plist */ = {isa = PBXFileReference; lastKnownFileType = text.plist.xml; path = "LSCameraDemo-Info.plist"; sourceTree = "<group>"; };
		EF4E13A518EE84A3005002C8 /* en */ = {isa = PBXFileReference; lastKnownFileType = text.plist.strings; name = en; path = en.lproj/InfoPlist.strings; sourceTree = "<group>"; };
		EF4E13A718EE84A3005002C8 /* main.m */ = {isa = PBXFileReference; lastKnownFileType = sourcecode.c.objc; path = main.m; sourceTree = "<group>"; };
		EF4E13A918EE84A3005002C8 /* LSCameraDemo-Prefix.pch */ = {isa = PBXFileReference; lastKnownFileType = sourcecode.c.h; path = "LSCameraDemo-Prefix.pch"; sourceTree = "<group>"; };
		EF4E13AA18EE84A3005002C8 /* LSCameraAppDelegate.h */ = {isa = PBXFileReference; lastKnownFileType = sourcecode.c.h; path = LSCameraAppDelegate.h; sourceTree = "<group>"; };
		EF4E13AB18EE84A3005002C8 /* LSCameraAppDelegate.m */ = {isa = PBXFileReference; lastKnownFileType = sourcecode.c.objc; path = LSCameraAppDelegate.m; sourceTree = "<group>"; };
		EF4E13AE18EE84A3005002C8 /* Base */ = {isa = PBXFileReference; lastKnownFileType = file.storyboard; name = Base; path = Base.lproj/Main.storyboard; sourceTree = "<group>"; };
		EF4E13B018EE84A3005002C8 /* LSCameraViewController.h */ = {isa = PBXFileReference; lastKnownFileType = sourcecode.c.h; path = LSCameraViewController.h; sourceTree = "<group>"; };
		EF4E13B118EE84A3005002C8 /* LSCameraViewController.m */ = {isa = PBXFileReference; lastKnownFileType = sourcecode.c.objc; path = LSCameraViewController.m; sourceTree = "<group>"; };
		EF4E13B318EE84A3005002C8 /* Images.xcassets */ = {isa = PBXFileReference; lastKnownFileType = folder.assetcatalog; path = Images.xcassets; sourceTree = "<group>"; };
		EF4E13B918EE84A3005002C8 /* LSCameraDemoTests.xctest */ = {isa = PBXFileReference; explicitFileType = wrapper.cfbundle; includeInIndex = 0; path = LSCameraDemoTests.xctest; sourceTree = BUILT_PRODUCTS_DIR; };
		EF4E13BA18EE84A3005002C8 /* XCTest.framework */ = {isa = PBXFileReference; lastKnownFileType = wrapper.framework; name = XCTest.framework; path = Library/Frameworks/XCTest.framework; sourceTree = DEVELOPER_DIR; };
		EF4E13C218EE84A3005002C8 /* LSCameraDemoTests-Info.plist */ = {isa = PBXFileReference; lastKnownFileType = text.plist.xml; path = "LSCameraDemoTests-Info.plist"; sourceTree = "<group>"; };
		EF4E13C418EE84A3005002C8 /* en */ = {isa = PBXFileReference; lastKnownFileType = text.plist.strings; name = en; path = en.lproj/InfoPlist.strings; sourceTree = "<group>"; };
		EF4E13C618EE84A3005002C8 /* LSCameraDemoTests.m */ = {isa = PBXFileReference; lastKnownFileType = sourcecode.c.objc; path = LSCameraDemoTests.m; sourceTree = "<group>"; };
		EF4E13D718EE8666005002C8 /* AKCamera.bundle */ = {isa = PBXFileReference; lastKnownFileType = "wrapper.plug-in"; path = AKCamera.bundle; sourceTree = "<group>"; };
		EF4E13DC18EE86C5005002C8 /* AKCameraBGM.h */ = {isa = PBXFileReference; fileEncoding = 4; lastKnownFileType = sourcecode.c.h; path = AKCameraBGM.h; sourceTree = "<group>"; };
		EF4E13DD18EE86C5005002C8 /* AKCameraBGM.m */ = {isa = PBXFileReference; fileEncoding = 4; lastKnownFileType = sourcecode.c.objc; path = AKCameraBGM.m; sourceTree = "<group>"; };
		EF4E13DE18EE86C5005002C8 /* AKCameraBGMCell.h */ = {isa = PBXFileReference; fileEncoding = 4; lastKnownFileType = sourcecode.c.h; path = AKCameraBGMCell.h; sourceTree = "<group>"; };
		EF4E13DF18EE86C5005002C8 /* AKCameraBGMCell.m */ = {isa = PBXFileReference; fileEncoding = 4; lastKnownFileType = sourcecode.c.objc; path = AKCameraBGMCell.m; sourceTree = "<group>"; };
		EF4E13E018EE86C5005002C8 /* AKCameraCache.h */ = {isa = PBXFileReference; fileEncoding = 4; lastKnownFileType = sourcecode.c.h; path = AKCameraCache.h; sourceTree = "<group>"; };
		EF4E13E118EE86C5005002C8 /* AKCameraCache.m */ = {isa = PBXFileReference; fileEncoding = 4; lastKnownFileType = sourcecode.c.objc; path = AKCameraCache.m; sourceTree = "<group>"; };
		EF4E13E218EE86C5005002C8 /* AKCameraCaputure.h */ = {isa = PBXFileReference; fileEncoding = 4; lastKnownFileType = sourcecode.c.h; path = AKCameraCaputure.h; sourceTree = "<group>"; };
		EF4E13E318EE86C5005002C8 /* AKCameraCaputure.m */ = {isa = PBXFileReference; fileEncoding = 4; lastKnownFileType = sourcecode.c.objc; path = AKCameraCaputure.m; sourceTree = "<group>"; };
		EF4E13E418EE86C5005002C8 /* AKCameraChannelViewController.h */ = {isa = PBXFileReference; fileEncoding = 4; lastKnownFileType = sourcecode.c.h; path = AKCameraChannelViewController.h; sourceTree = "<group>"; };
		EF4E13E518EE86C5005002C8 /* AKCameraChannelViewController.m */ = {isa = PBXFileReference; fileEncoding = 4; lastKnownFileType = sourcecode.c.objc; path = AKCameraChannelViewController.m; sourceTree = "<group>"; };
		EF4E13E618EE86C5005002C8 /* AKCameraDefines.h */ = {isa = PBXFileReference; fileEncoding = 4; lastKnownFileType = sourcecode.c.h; path = AKCameraDefines.h; sourceTree = "<group>"; };
		EF4E13E718EE86C5005002C8 /* AKCameraEditViewController.h */ = {isa = PBXFileReference; fileEncoding = 4; lastKnownFileType = sourcecode.c.h; path = AKCameraEditViewController.h; sourceTree = "<group>"; };
		EF4E13E818EE86C5005002C8 /* AKCameraEditViewController.m */ = {isa = PBXFileReference; fileEncoding = 4; lastKnownFileType = sourcecode.c.objc; path = AKCameraEditViewController.m; sourceTree = "<group>"; };
		EF4E13E918EE86C5005002C8 /* AKCameraExporter.h */ = {isa = PBXFileReference; fileEncoding = 4; lastKnownFileType = sourcecode.c.h; path = AKCameraExporter.h; sourceTree = "<group>"; };
		EF4E13EA18EE86C5005002C8 /* AKCameraExporter.m */ = {isa = PBXFileReference; fileEncoding = 4; lastKnownFileType = sourcecode.c.objc; path = AKCameraExporter.m; sourceTree = "<group>"; };
		EF4E13EB18EE86C5005002C8 /* AKCameraFocusView.h */ = {isa = PBXFileReference; fileEncoding = 4; lastKnownFileType = sourcecode.c.h; path = AKCameraFocusView.h; sourceTree = "<group>"; };
		EF4E13EC18EE86C5005002C8 /* AKCameraFocusView.m */ = {isa = PBXFileReference; fileEncoding = 4; lastKnownFileType = sourcecode.c.objc; path = AKCameraFocusView.m; sourceTree = "<group>"; };
		EF4E13ED18EE86C5005002C8 /* AKCameraLocationViewController.h */ = {isa = PBXFileReference; fileEncoding = 4; lastKnownFileType = sourcecode.c.h; path = AKCameraLocationViewController.h; sourceTree = "<group>"; };
		EF4E13EE18EE86C5005002C8 /* AKCameraLocationViewController.m */ = {isa = PBXFileReference; fileEncoding = 4; lastKnownFileType = sourcecode.c.objc; path = AKCameraLocationViewController.m; sourceTree = "<group>"; };
		EF4E13EF18EE86C5005002C8 /* AKCameraMessageHUD.h */ = {isa = PBXFileReference; fileEncoding = 4; lastKnownFileType = sourcecode.c.h; path = AKCameraMessageHUD.h; sourceTree = "<group>"; };
		EF4E13F018EE86C5005002C8 /* AKCameraMessageHUD.m */ = {isa = PBXFileReference; fileEncoding = 4; lastKnownFileType = sourcecode.c.objc; path = AKCameraMessageHUD.m; sourceTree = "<group>"; };
		EF4E13F118EE86C5005002C8 /* AKCameraNavigationBar.h */ = {isa = PBXFileReference; fileEncoding = 4; lastKnownFileType = sourcecode.c.h; path = AKCameraNavigationBar.h; sourceTree = "<group>"; };
		EF4E13F218EE86C5005002C8 /* AKCameraNavigationBar.m */ = {isa = PBXFileReference; fileEncoding = 4; lastKnownFileType = sourcecode.c.objc; path = AKCameraNavigationBar.m; sourceTree = "<group>"; };
		EF4E13F318EE86C5005002C8 /* AKCameraNavigationController.h */ = {isa = PBXFileReference; fileEncoding = 4; lastKnownFileType = sourcecode.c.h; path = AKCameraNavigationController.h; sourceTree = "<group>"; };
		EF4E13F418EE86C5005002C8 /* AKCameraNavigationController.m */ = {isa = PBXFileReference; fileEncoding = 4; lastKnownFileType = sourcecode.c.objc; path = AKCameraNavigationController.m; sourceTree = "<group>"; };
		EF4E13F518EE86C5005002C8 /* AKCameraPlayer.h */ = {isa = PBXFileReference; fileEncoding = 4; lastKnownFileType = sourcecode.c.h; path = AKCameraPlayer.h; sourceTree = "<group>"; };
		EF4E13F618EE86C5005002C8 /* AKCameraPlayer.m */ = {isa = PBXFileReference; fileEncoding = 4; lastKnownFileType = sourcecode.c.objc; path = AKCameraPlayer.m; sourceTree = "<group>"; };
		EF4E13F718EE86C5005002C8 /* AKCameraProgressHUD.h */ = {isa = PBXFileReference; fileEncoding = 4; lastKnownFileType = sourcecode.c.h; path = AKCameraProgressHUD.h; sourceTree = "<group>"; };
		EF4E13F818EE86C5005002C8 /* AKCameraProgressHUD.m */ = {isa = PBXFileReference; fileEncoding = 4; lastKnownFileType = sourcecode.c.objc; path = AKCameraProgressHUD.m; sourceTree = "<group>"; };
		EF4E13F918EE86C5005002C8 /* AKCameraRecordView.h */ = {isa = PBXFileReference; fileEncoding = 4; lastKnownFileType = sourcecode.c.h; path = AKCameraRecordView.h; sourceTree = "<group>"; };
		EF4E13FA18EE86C5005002C8 /* AKCameraRecordView.m */ = {isa = PBXFileReference; fileEncoding = 4; lastKnownFileType = sourcecode.c.objc; path = AKCameraRecordView.m; sourceTree = "<group>"; };
		EF4E13FB18EE86C5005002C8 /* AKCameraRecordViewController.h */ = {isa = PBXFileReference; fileEncoding = 4; lastKnownFileType = sourcecode.c.h; path = AKCameraRecordViewController.h; sourceTree = "<group>"; };
		EF4E13FC18EE86C5005002C8 /* AKCameraRecordViewController.m */ = {isa = PBXFileReference; fileEncoding = 4; lastKnownFileType = sourcecode.c.objc; path = AKCameraRecordViewController.m; sourceTree = "<group>"; };
		EF4E13FD18EE86C5005002C8 /* AKCameraSaveViewController.h */ = {isa = PBXFileReference; fileEncoding = 4; lastKnownFileType = sourcecode.c.h; path = AKCameraSaveViewController.h; sourceTree = "<group>"; };
		EF4E13FE18EE86C5005002C8 /* AKCameraSaveViewController.m */ = {isa = PBXFileReference; fileEncoding = 4; lastKnownFileType = sourcecode.c.objc; path = AKCameraSaveViewController.m; sourceTree = "<group>"; };
		EF4E13FF18EE86C5005002C8 /* AKCameraSoundTrackView.h */ = {isa = PBXFileReference; fileEncoding = 4; lastKnownFileType = sourcecode.c.h; path = AKCameraSoundTrackView.h; sourceTree = "<group>"; };
		EF4E140018EE86C5005002C8 /* AKCameraSoundTrackView.m */ = {isa = PBXFileReference; fileEncoding = 4; lastKnownFileType = sourcecode.c.objc; path = AKCameraSoundTrackView.m; sourceTree = "<group>"; };
		EF4E140118EE86C5005002C8 /* AKCameraStyle.h */ = {isa = PBXFileReference; fileEncoding = 4; lastKnownFileType = sourcecode.c.h; path = AKCameraStyle.h; sourceTree = "<group>"; };
		EF4E140218EE86C5005002C8 /* AKCameraStyle.m */ = {isa = PBXFileReference; fileEncoding = 4; lastKnownFileType = sourcecode.c.objc; path = AKCameraStyle.m; sourceTree = "<group>"; };
		EF4E140318EE86C5005002C8 /* AKCameraSwitch.h */ = {isa = PBXFileReference; fileEncoding = 4; lastKnownFileType = sourcecode.c.h; path = AKCameraSwitch.h; sourceTree = "<group>"; };
		EF4E140418EE86C5005002C8 /* AKCameraSwitch.m */ = {isa = PBXFileReference; fileEncoding = 4; lastKnownFileType = sourcecode.c.objc; path = AKCameraSwitch.m; sourceTree = "<group>"; };
		EF4E140518EE86C5005002C8 /* AKCameraTextView.h */ = {isa = PBXFileReference; fileEncoding = 4; lastKnownFileType = sourcecode.c.h; path = AKCameraTextView.h; sourceTree = "<group>"; };
		EF4E140618EE86C5005002C8 /* AKCameraTextView.m */ = {isa = PBXFileReference; fileEncoding = 4; lastKnownFileType = sourcecode.c.objc; path = AKCameraTextView.m; sourceTree = "<group>"; };
		EF4E140718EE86C5005002C8 /* AKCameraThumbnailPicker.h */ = {isa = PBXFileReference; fileEncoding = 4; lastKnownFileType = sourcecode.c.h; path = AKCameraThumbnailPicker.h; sourceTree = "<group>"; };
		EF4E140818EE86C5005002C8 /* AKCameraThumbnailPicker.m */ = {isa = PBXFileReference; fileEncoding = 4; lastKnownFileType = sourcecode.c.objc; path = AKCameraThumbnailPicker.m; sourceTree = "<group>"; };
		EF4E140918EE86C5005002C8 /* AKCameraTool.h */ = {isa = PBXFileReference; fileEncoding = 4; lastKnownFileType = sourcecode.c.h; path = AKCameraTool.h; sourceTree = "<group>"; };
		EF4E140A18EE86C5005002C8 /* AKCameraTool.m */ = {isa = PBXFileReference; fileEncoding = 4; lastKnownFileType = sourcecode.c.objc; path = AKCameraTool.m; sourceTree = "<group>"; };
		EF4E140B18EE86C5005002C8 /* AKCameraUtils.h */ = {isa = PBXFileReference; fileEncoding = 4; lastKnownFileType = sourcecode.c.h; path = AKCameraUtils.h; sourceTree = "<group>"; };
		EF4E140C18EE86C5005002C8 /* AKCameraUtils.m */ = {isa = PBXFileReference; fileEncoding = 4; lastKnownFileType = sourcecode.c.objc; path = AKCameraUtils.m; sourceTree = "<group>"; };
		EF4E140D18EE86C5005002C8 /* AKCameraVideoPreview.h */ = {isa = PBXFileReference; fileEncoding = 4; lastKnownFileType = sourcecode.c.h; path = AKCameraVideoPreview.h; sourceTree = "<group>"; };
		EF4E140E18EE86C5005002C8 /* AKCameraVideoPreview.m */ = {isa = PBXFileReference; fileEncoding = 4; lastKnownFileType = sourcecode.c.objc; path = AKCameraVideoPreview.m; sourceTree = "<group>"; };
		EF4E140F18EE86C5005002C8 /* AKCameraViewController.h */ = {isa = PBXFileReference; fileEncoding = 4; lastKnownFileType = sourcecode.c.h; path = AKCameraViewController.h; sourceTree = "<group>"; };
		EF4E141018EE86C5005002C8 /* AKCameraViewController.m */ = {isa = PBXFileReference; fileEncoding = 4; lastKnownFileType = sourcecode.c.objc; path = AKCameraViewController.m; sourceTree = "<group>"; };
		EF4E141118EE86C5005002C8 /* AKRecordProgressView.h */ = {isa = PBXFileReference; fileEncoding = 4; lastKnownFileType = sourcecode.c.h; path = AKRecordProgressView.h; sourceTree = "<group>"; };
		EF4E141218EE86C5005002C8 /* AKRecordProgressView.m */ = {isa = PBXFileReference; fileEncoding = 4; lastKnownFileType = sourcecode.c.objc; path = AKRecordProgressView.m; sourceTree = "<group>"; };
		EF4E141318EE86C5005002C8 /* AKVideo.h */ = {isa = PBXFileReference; fileEncoding = 4; lastKnownFileType = sourcecode.c.h; path = AKVideo.h; sourceTree = "<group>"; };
		EF4E141418EE86C5005002C8 /* AKVideo.m */ = {isa = PBXFileReference; fileEncoding = 4; lastKnownFileType = sourcecode.c.objc; path = AKVideo.m; sourceTree = "<group>"; };
		EF4E141518EE86C5005002C8 /* AVPlayer+TrackVolume.h */ = {isa = PBXFileReference; fileEncoding = 4; lastKnownFileType = sourcecode.c.h; path = "AVPlayer+TrackVolume.h"; sourceTree = "<group>"; };
		EF4E141618EE86C5005002C8 /* AVPlayer+TrackVolume.m */ = {isa = PBXFileReference; fileEncoding = 4; lastKnownFileType = sourcecode.c.objc; path = "AVPlayer+TrackVolume.m"; sourceTree = "<group>"; };
		EF4E141718EE86C5005002C8 /* UIImage+AKExtension.h */ = {isa = PBXFileReference; fileEncoding = 4; lastKnownFileType = sourcecode.c.h; path = "UIImage+AKExtension.h"; sourceTree = "<group>"; };
		EF4E141818EE86C5005002C8 /* UIImage+AKExtension.m */ = {isa = PBXFileReference; fileEncoding = 4; lastKnownFileType = sourcecode.c.objc; path = "UIImage+AKExtension.m"; sourceTree = "<group>"; };
		EF4E141918EE86C5005002C8 /* UIImage+AKResize.h */ = {isa = PBXFileReference; fileEncoding = 4; lastKnownFileType = sourcecode.c.h; path = "UIImage+AKResize.h"; sourceTree = "<group>"; };
		EF4E141A18EE86C5005002C8 /* UIImage+AKResize.m */ = {isa = PBXFileReference; fileEncoding = 4; lastKnownFileType = sourcecode.c.objc; path = "UIImage+AKResize.m"; sourceTree = "<group>"; };
		EF4E143C18EE8E45005002C8 /* Diary.caf */ = {isa = PBXFileReference; lastKnownFileType = file; path = Diary.caf; sourceTree = "<group>"; };
		EF4E143D18EE8E45005002C8 /* DT.caf */ = {isa = PBXFileReference; lastKnownFileType = file; path = DT.caf; sourceTree = "<group>"; };
		EF4E143E18EE8E45005002C8 /* GQQ.caf */ = {isa = PBXFileReference; lastKnownFileType = file; path = GQQ.caf; sourceTree = "<group>"; };
		EF4E143F18EE8E45005002C8 /* IBelieve.caf */ = {isa = PBXFileReference; lastKnownFileType = file; path = IBelieve.caf; sourceTree = "<group>"; };
		EF4E144018EE8E45005002C8 /* KN.caf */ = {isa = PBXFileReference; lastKnownFileType = file; path = KN.caf; sourceTree = "<group>"; };
		EF4E144118EE8E45005002C8 /* LX.caf */ = {isa = PBXFileReference; lastKnownFileType = file; path = LX.caf; sourceTree = "<group>"; };
		EF4E144218EE8E45005002C8 /* Summer.caf */ = {isa = PBXFileReference; lastKnownFileType = file; path = Summer.caf; sourceTree = "<group>"; };
		EF4E144318EE8E45005002C8 /* TheMass.caf */ = {isa = PBXFileReference; lastKnownFileType = file; path = TheMass.caf; sourceTree = "<group>"; };
		EF4E144418EE8E45005002C8 /* XXX.caf */ = {isa = PBXFileReference; lastKnownFileType = file; path = XXX.caf; sourceTree = "<group>"; };
		EF4E144518EE8E45005002C8 /* ZG.caf */ = {isa = PBXFileReference; lastKnownFileType = file; path = ZG.caf; sourceTree = "<group>"; };
		EF4E144618EE8E45005002C8 /* bgm_cover_0.png */ = {isa = PBXFileReference; lastKnownFileType = image.png; path = bgm_cover_0.png; sourceTree = "<group>"; };
		EF4E144718EE8E45005002C8 /* bgm_cover_0@2x.png */ = {isa = PBXFileReference; lastKnownFileType = image.png; path = "bgm_cover_0@2x.png"; sourceTree = "<group>"; };
		EF4E144818EE8E45005002C8 /* bgm_cover_1.png */ = {isa = PBXFileReference; lastKnownFileType = image.png; path = bgm_cover_1.png; sourceTree = "<group>"; };
		EF4E144918EE8E45005002C8 /* bgm_cover_10.png */ = {isa = PBXFileReference; lastKnownFileType = image.png; path = bgm_cover_10.png; sourceTree = "<group>"; };
		EF4E144A18EE8E45005002C8 /* bgm_cover_10@2x.png */ = {isa = PBXFileReference; lastKnownFileType = image.png; path = "bgm_cover_10@2x.png"; sourceTree = "<group>"; };
		EF4E144B18EE8E45005002C8 /* bgm_cover_1@2x.png */ = {isa = PBXFileReference; lastKnownFileType = image.png; path = "bgm_cover_1@2x.png"; sourceTree = "<group>"; };
		EF4E144C18EE8E45005002C8 /* bgm_cover_2.png */ = {isa = PBXFileReference; lastKnownFileType = image.png; path = bgm_cover_2.png; sourceTree = "<group>"; };
		EF4E144D18EE8E45005002C8 /* bgm_cover_2@2x.png */ = {isa = PBXFileReference; lastKnownFileType = image.png; path = "bgm_cover_2@2x.png"; sourceTree = "<group>"; };
		EF4E144E18EE8E45005002C8 /* bgm_cover_3.png */ = {isa = PBXFileReference; lastKnownFileType = image.png; path = bgm_cover_3.png; sourceTree = "<group>"; };
		EF4E144F18EE8E45005002C8 /* bgm_cover_3@2x.png */ = {isa = PBXFileReference; lastKnownFileType = image.png; path = "bgm_cover_3@2x.png"; sourceTree = "<group>"; };
		EF4E145018EE8E45005002C8 /* bgm_cover_4.png */ = {isa = PBXFileReference; lastKnownFileType = image.png; path = bgm_cover_4.png; sourceTree = "<group>"; };
		EF4E145118EE8E45005002C8 /* bgm_cover_4@2x.png */ = {isa = PBXFileReference; lastKnownFileType = image.png; path = "bgm_cover_4@2x.png"; sourceTree = "<group>"; };
		EF4E145218EE8E45005002C8 /* bgm_cover_5.png */ = {isa = PBXFileReference; lastKnownFileType = image.png; path = bgm_cover_5.png; sourceTree = "<group>"; };
		EF4E145318EE8E45005002C8 /* bgm_cover_5@2x.png */ = {isa = PBXFileReference; lastKnownFileType = image.png; path = "bgm_cover_5@2x.png"; sourceTree = "<group>"; };
		EF4E145418EE8E45005002C8 /* bgm_cover_6.png */ = {isa = PBXFileReference; lastKnownFileType = image.png; path = bgm_cover_6.png; sourceTree = "<group>"; };
		EF4E145518EE8E45005002C8 /* bgm_cover_6@2x.png */ = {isa = PBXFileReference; lastKnownFileType = image.png; path = "bgm_cover_6@2x.png"; sourceTree = "<group>"; };
		EF4E145618EE8E45005002C8 /* bgm_cover_7.png */ = {isa = PBXFileReference; lastKnownFileType = image.png; path = bgm_cover_7.png; sourceTree = "<group>"; };
		EF4E145718EE8E45005002C8 /* bgm_cover_7@2x.png */ = {isa = PBXFileReference; lastKnownFileType = image.png; path = "bgm_cover_7@2x.png"; sourceTree = "<group>"; };
		EF4E145818EE8E45005002C8 /* bgm_cover_8.png */ = {isa = PBXFileReference; lastKnownFileType = image.png; path = bgm_cover_8.png; sourceTree = "<group>"; };
		EF4E145918EE8E45005002C8 /* bgm_cover_8@2x.png */ = {isa = PBXFileReference; lastKnownFileType = image.png; path = "bgm_cover_8@2x.png"; sourceTree = "<group>"; };
		EF4E145A18EE8E45005002C8 /* bgm_cover_9.png */ = {isa = PBXFileReference; lastKnownFileType = image.png; path = bgm_cover_9.png; sourceTree = "<group>"; };
		EF4E145B18EE8E45005002C8 /* bgm_cover_9@2x.png */ = {isa = PBXFileReference; lastKnownFileType = image.png; path = "bgm_cover_9@2x.png"; sourceTree = "<group>"; };
		EF4E147C18EE8F33005002C8 /* AKCameraDownloader.h */ = {isa = PBXFileReference; fileEncoding = 4; lastKnownFileType = sourcecode.c.h; path = AKCameraDownloader.h; sourceTree = "<group>"; };
		EF4E147D18EE8F33005002C8 /* AKCameraDownloader.m */ = {isa = PBXFileReference; fileEncoding = 4; lastKnownFileType = sourcecode.c.objc; path = AKCameraDownloader.m; sourceTree = "<group>"; };
		EF4E147F18EE8FC2005002C8 /* CFNetwork.framework */ = {isa = PBXFileReference; lastKnownFileType = wrapper.framework; name = CFNetwork.framework; path = System/Library/Frameworks/CFNetwork.framework; sourceTree = SDKROOT; };
		EF4E148118EEA482005002C8 /* UIImageView+AKCameraWebImageView.h */ = {isa = PBXFileReference; fileEncoding = 4; lastKnownFileType = sourcecode.c.h; path = "UIImageView+AKCameraWebImageView.h"; sourceTree = "<group>"; };
		EF4E148218EEA482005002C8 /* UIImageView+AKCameraWebImageView.m */ = {isa = PBXFileReference; fileEncoding = 4; lastKnownFileType = sourcecode.c.objc; path = "UIImageView+AKCameraWebImageView.m"; sourceTree = "<group>"; };
		EF7745C218F53BAF008DB93A /* MediaPlayer.framework */ = {isa = PBXFileReference; lastKnownFileType = wrapper.framework; name = MediaPlayer.framework; path = System/Library/Frameworks/MediaPlayer.framework; sourceTree = SDKROOT; };
/* End PBXFileReference section */

/* Begin PBXFrameworksBuildPhase section */
		EF4E139518EE84A3005002C8 /* Frameworks */ = {
			isa = PBXFrameworksBuildPhase;
			buildActionMask = 2147483647;
			files = (
				EF7745C318F53BAF008DB93A /* MediaPlayer.framework in Frameworks */,
				EF4E148018EE8FC2005002C8 /* CFNetwork.framework in Frameworks */,
				EF4E139E18EE84A3005002C8 /* CoreGraphics.framework in Frameworks */,
				EF4E13A018EE84A3005002C8 /* UIKit.framework in Frameworks */,
				EF4E139C18EE84A3005002C8 /* Foundation.framework in Frameworks */,
			);
			runOnlyForDeploymentPostprocessing = 0;
		};
		EF4E13B618EE84A3005002C8 /* Frameworks */ = {
			isa = PBXFrameworksBuildPhase;
			buildActionMask = 2147483647;
			files = (
				EF4E13BB18EE84A3005002C8 /* XCTest.framework in Frameworks */,
				EF4E13BD18EE84A3005002C8 /* UIKit.framework in Frameworks */,
				EF4E13BC18EE84A3005002C8 /* Foundation.framework in Frameworks */,
			);
			runOnlyForDeploymentPostprocessing = 0;
		};
/* End PBXFrameworksBuildPhase section */

/* Begin PBXGroup section */
		EF4E138F18EE84A3005002C8 = {
			isa = PBXGroup;
			children = (
				EF4E13A118EE84A3005002C8 /* LSCameraDemo */,
				EF4E13C018EE84A3005002C8 /* LSCameraDemoTests */,
				EF4E139A18EE84A3005002C8 /* Frameworks */,
				EF4E139918EE84A3005002C8 /* Products */,
			);
			sourceTree = "<group>";
		};
		EF4E139918EE84A3005002C8 /* Products */ = {
			isa = PBXGroup;
			children = (
				EF4E139818EE84A3005002C8 /* LSCameraDemo.app */,
				EF4E13B918EE84A3005002C8 /* LSCameraDemoTests.xctest */,
			);
			name = Products;
			sourceTree = "<group>";
		};
		EF4E139A18EE84A3005002C8 /* Frameworks */ = {
			isa = PBXGroup;
			children = (
				EF7745C218F53BAF008DB93A /* MediaPlayer.framework */,
				EF4E147F18EE8FC2005002C8 /* CFNetwork.framework */,
				EF4E139B18EE84A3005002C8 /* Foundation.framework */,
				EF4E139D18EE84A3005002C8 /* CoreGraphics.framework */,
				EF4E139F18EE84A3005002C8 /* UIKit.framework */,
				EF4E13BA18EE84A3005002C8 /* XCTest.framework */,
			);
			name = Frameworks;
			sourceTree = "<group>";
		};
		EF4E13A118EE84A3005002C8 /* LSCameraDemo */ = {
			isa = PBXGroup;
			children = (
				EF4E143A18EE8E45005002C8 /* Resources */,
				EF4E13DB18EE86C5005002C8 /* Record */,
				EF4E13D718EE8666005002C8 /* AKCamera.bundle */,
				EF4E13AA18EE84A3005002C8 /* LSCameraAppDelegate.h */,
				EF4E13AB18EE84A3005002C8 /* LSCameraAppDelegate.m */,
				EF4E13AD18EE84A3005002C8 /* Main.storyboard */,
				EF4E13B018EE84A3005002C8 /* LSCameraViewController.h */,
				EF4E13B118EE84A3005002C8 /* LSCameraViewController.m */,
				EF4E13B318EE84A3005002C8 /* Images.xcassets */,
				EF4E13A218EE84A3005002C8 /* Supporting Files */,
				B4BAE5C41D894A1600AAC795 /* Launch Screen.storyboard */,
			);
			path = LSCameraDemo;
			sourceTree = "<group>";
		};
		EF4E13A218EE84A3005002C8 /* Supporting Files */ = {
			isa = PBXGroup;
			children = (
				EF4E13A318EE84A3005002C8 /* LSCameraDemo-Info.plist */,
				EF4E13A418EE84A3005002C8 /* InfoPlist.strings */,
				EF4E13A718EE84A3005002C8 /* main.m */,
				EF4E13A918EE84A3005002C8 /* LSCameraDemo-Prefix.pch */,
			);
			name = "Supporting Files";
			sourceTree = "<group>";
		};
		EF4E13C018EE84A3005002C8 /* LSCameraDemoTests */ = {
			isa = PBXGroup;
			children = (
				EF4E13C618EE84A3005002C8 /* LSCameraDemoTests.m */,
				EF4E13C118EE84A3005002C8 /* Supporting Files */,
			);
			path = LSCameraDemoTests;
			sourceTree = "<group>";
		};
		EF4E13C118EE84A3005002C8 /* Supporting Files */ = {
			isa = PBXGroup;
			children = (
				EF4E13C218EE84A3005002C8 /* LSCameraDemoTests-Info.plist */,
				EF4E13C318EE84A3005002C8 /* InfoPlist.strings */,
			);
			name = "Supporting Files";
			sourceTree = "<group>";
		};
		EF4E13DB18EE86C5005002C8 /* Record */ = {
			isa = PBXGroup;
			children = (
				EF4E13DC18EE86C5005002C8 /* AKCameraBGM.h */,
				EF4E13DD18EE86C5005002C8 /* AKCameraBGM.m */,
				EF4E13DE18EE86C5005002C8 /* AKCameraBGMCell.h */,
				EF4E13DF18EE86C5005002C8 /* AKCameraBGMCell.m */,
				EF4E13E018EE86C5005002C8 /* AKCameraCache.h */,
				EF4E13E118EE86C5005002C8 /* AKCameraCache.m */,
				EF4E13E218EE86C5005002C8 /* AKCameraCaputure.h */,
				EF4E13E318EE86C5005002C8 /* AKCameraCaputure.m */,
				EF4E13E418EE86C5005002C8 /* AKCameraChannelViewController.h */,
				EF4E13E518EE86C5005002C8 /* AKCameraChannelViewController.m */,
				EF4E13E618EE86C5005002C8 /* AKCameraDefines.h */,
				EF4E13E718EE86C5005002C8 /* AKCameraEditViewController.h */,
				EF4E13E818EE86C5005002C8 /* AKCameraEditViewController.m */,
				EF4E13E918EE86C5005002C8 /* AKCameraExporter.h */,
				EF4E13EA18EE86C5005002C8 /* AKCameraExporter.m */,
				EF4E13EB18EE86C5005002C8 /* AKCameraFocusView.h */,
				EF4E13EC18EE86C5005002C8 /* AKCameraFocusView.m */,
				EF4E13ED18EE86C5005002C8 /* AKCameraLocationViewController.h */,
				EF4E13EE18EE86C5005002C8 /* AKCameraLocationViewController.m */,
				EF4E13EF18EE86C5005002C8 /* AKCameraMessageHUD.h */,
				EF4E13F018EE86C5005002C8 /* AKCameraMessageHUD.m */,
				EF4E13F118EE86C5005002C8 /* AKCameraNavigationBar.h */,
				EF4E13F218EE86C5005002C8 /* AKCameraNavigationBar.m */,
				EF4E13F318EE86C5005002C8 /* AKCameraNavigationController.h */,
				EF4E13F418EE86C5005002C8 /* AKCameraNavigationController.m */,
				EF4E13F518EE86C5005002C8 /* AKCameraPlayer.h */,
				EF4E13F618EE86C5005002C8 /* AKCameraPlayer.m */,
				EF4E13F718EE86C5005002C8 /* AKCameraProgressHUD.h */,
				EF4E13F818EE86C5005002C8 /* AKCameraProgressHUD.m */,
				EF4E13F918EE86C5005002C8 /* AKCameraRecordView.h */,
				EF4E13FA18EE86C5005002C8 /* AKCameraRecordView.m */,
				EF4E13FB18EE86C5005002C8 /* AKCameraRecordViewController.h */,
				EF4E13FC18EE86C5005002C8 /* AKCameraRecordViewController.m */,
				EF4E13FD18EE86C5005002C8 /* AKCameraSaveViewController.h */,
				EF4E13FE18EE86C5005002C8 /* AKCameraSaveViewController.m */,
				EF4E13FF18EE86C5005002C8 /* AKCameraSoundTrackView.h */,
				EF4E140018EE86C5005002C8 /* AKCameraSoundTrackView.m */,
				EF4E140118EE86C5005002C8 /* AKCameraStyle.h */,
				EF4E140218EE86C5005002C8 /* AKCameraStyle.m */,
				EF4E140318EE86C5005002C8 /* AKCameraSwitch.h */,
				EF4E140418EE86C5005002C8 /* AKCameraSwitch.m */,
				EF4E140518EE86C5005002C8 /* AKCameraTextView.h */,
				EF4E140618EE86C5005002C8 /* AKCameraTextView.m */,
				EF4E140718EE86C5005002C8 /* AKCameraThumbnailPicker.h */,
				EF4E140818EE86C5005002C8 /* AKCameraThumbnailPicker.m */,
				EF4E140918EE86C5005002C8 /* AKCameraTool.h */,
				EF4E140A18EE86C5005002C8 /* AKCameraTool.m */,
				EF4E140B18EE86C5005002C8 /* AKCameraUtils.h */,
				EF4E140C18EE86C5005002C8 /* AKCameraUtils.m */,
				EF4E140D18EE86C5005002C8 /* AKCameraVideoPreview.h */,
				EF4E140E18EE86C5005002C8 /* AKCameraVideoPreview.m */,
				EF4E140F18EE86C5005002C8 /* AKCameraViewController.h */,
				EF4E141018EE86C5005002C8 /* AKCameraViewController.m */,
				EF4E141118EE86C5005002C8 /* AKRecordProgressView.h */,
				EF4E141218EE86C5005002C8 /* AKRecordProgressView.m */,
				EF4E141318EE86C5005002C8 /* AKVideo.h */,
				EF4E141418EE86C5005002C8 /* AKVideo.m */,
				EF4E141518EE86C5005002C8 /* AVPlayer+TrackVolume.h */,
				EF4E141618EE86C5005002C8 /* AVPlayer+TrackVolume.m */,
				EF4E141718EE86C5005002C8 /* UIImage+AKExtension.h */,
				EF4E141818EE86C5005002C8 /* UIImage+AKExtension.m */,
				EF4E141918EE86C5005002C8 /* UIImage+AKResize.h */,
				EF4E141A18EE86C5005002C8 /* UIImage+AKResize.m */,
				EF4E147C18EE8F33005002C8 /* AKCameraDownloader.h */,
				EF4E147D18EE8F33005002C8 /* AKCameraDownloader.m */,
				EF4E148118EEA482005002C8 /* UIImageView+AKCameraWebImageView.h */,
				EF4E148218EEA482005002C8 /* UIImageView+AKCameraWebImageView.m */,
			);
			path = Record;
			sourceTree = "<group>";
		};
		EF4E143A18EE8E45005002C8 /* Resources */ = {
			isa = PBXGroup;
			children = (
				EF4E143B18EE8E45005002C8 /* bgm */,
				EF4E144618EE8E45005002C8 /* bgm_cover_0.png */,
				EF4E144718EE8E45005002C8 /* bgm_cover_0@2x.png */,
				EF4E144818EE8E45005002C8 /* bgm_cover_1.png */,
				EF4E144918EE8E45005002C8 /* bgm_cover_10.png */,
				EF4E144A18EE8E45005002C8 /* bgm_cover_10@2x.png */,
				EF4E144B18EE8E45005002C8 /* bgm_cover_1@2x.png */,
				EF4E144C18EE8E45005002C8 /* bgm_cover_2.png */,
				EF4E144D18EE8E45005002C8 /* bgm_cover_2@2x.png */,
				EF4E144E18EE8E45005002C8 /* bgm_cover_3.png */,
				EF4E144F18EE8E45005002C8 /* bgm_cover_3@2x.png */,
				EF4E145018EE8E45005002C8 /* bgm_cover_4.png */,
				EF4E145118EE8E45005002C8 /* bgm_cover_4@2x.png */,
				EF4E145218EE8E45005002C8 /* bgm_cover_5.png */,
				EF4E145318EE8E45005002C8 /* bgm_cover_5@2x.png */,
				EF4E145418EE8E45005002C8 /* bgm_cover_6.png */,
				EF4E145518EE8E45005002C8 /* bgm_cover_6@2x.png */,
				EF4E145618EE8E45005002C8 /* bgm_cover_7.png */,
				EF4E145718EE8E45005002C8 /* bgm_cover_7@2x.png */,
				EF4E145818EE8E45005002C8 /* bgm_cover_8.png */,
				EF4E145918EE8E45005002C8 /* bgm_cover_8@2x.png */,
				EF4E145A18EE8E45005002C8 /* bgm_cover_9.png */,
				EF4E145B18EE8E45005002C8 /* bgm_cover_9@2x.png */,
			);
			path = Resources;
			sourceTree = "<group>";
		};
		EF4E143B18EE8E45005002C8 /* bgm */ = {
			isa = PBXGroup;
			children = (
				EF4E143C18EE8E45005002C8 /* Diary.caf */,
				EF4E143D18EE8E45005002C8 /* DT.caf */,
				EF4E143E18EE8E45005002C8 /* GQQ.caf */,
				EF4E143F18EE8E45005002C8 /* IBelieve.caf */,
				EF4E144018EE8E45005002C8 /* KN.caf */,
				EF4E144118EE8E45005002C8 /* LX.caf */,
				EF4E144218EE8E45005002C8 /* Summer.caf */,
				EF4E144318EE8E45005002C8 /* TheMass.caf */,
				EF4E144418EE8E45005002C8 /* XXX.caf */,
				EF4E144518EE8E45005002C8 /* ZG.caf */,
			);
			path = bgm;
			sourceTree = "<group>";
		};
/* End PBXGroup section */

/* Begin PBXNativeTarget section */
		EF4E139718EE84A3005002C8 /* LSCameraDemo */ = {
			isa = PBXNativeTarget;
			buildConfigurationList = EF4E13CA18EE84A3005002C8 /* Build configuration list for PBXNativeTarget "LSCameraDemo" */;
			buildPhases = (
				EF4E139418EE84A3005002C8 /* Sources */,
				EF4E139518EE84A3005002C8 /* Frameworks */,
				EF4E139618EE84A3005002C8 /* Resources */,
			);
			buildRules = (
			);
			dependencies = (
			);
			name = LSCameraDemo;
			productName = LSCameraDemo;
			productReference = EF4E139818EE84A3005002C8 /* LSCameraDemo.app */;
			productType = "com.apple.product-type.application";
		};
		EF4E13B818EE84A3005002C8 /* LSCameraDemoTests */ = {
			isa = PBXNativeTarget;
			buildConfigurationList = EF4E13CD18EE84A3005002C8 /* Build configuration list for PBXNativeTarget "LSCameraDemoTests" */;
			buildPhases = (
				EF4E13B518EE84A3005002C8 /* Sources */,
				EF4E13B618EE84A3005002C8 /* Frameworks */,
				EF4E13B718EE84A3005002C8 /* Resources */,
			);
			buildRules = (
			);
			dependencies = (
				EF4E13BF18EE84A3005002C8 /* PBXTargetDependency */,
			);
			name = LSCameraDemoTests;
			productName = LSCameraDemoTests;
			productReference = EF4E13B918EE84A3005002C8 /* LSCameraDemoTests.xctest */;
			productType = "com.apple.product-type.bundle.unit-test";
		};
/* End PBXNativeTarget section */

/* Begin PBXProject section */
		EF4E139018EE84A3005002C8 /* Project object */ = {
			isa = PBXProject;
			attributes = {
				CLASSPREFIX = LSCamera;
				LastUpgradeCheck = 0510;
				ORGANIZATIONNAME = hejun.lyne;
				TargetAttributes = {
					EF4E139718EE84A3005002C8 = {
						DevelopmentTeam = 76XCR3Q3Z3;
					};
					EF4E13B818EE84A3005002C8 = {
						TestTargetID = EF4E139718EE84A3005002C8;
					};
				};
			};
			buildConfigurationList = EF4E139318EE84A3005002C8 /* Build configuration list for PBXProject "LSCameraDemo" */;
			compatibilityVersion = "Xcode 3.2";
			developmentRegion = English;
			hasScannedForEncodings = 0;
			knownRegions = (
				en,
				Base,
			);
			mainGroup = EF4E138F18EE84A3005002C8;
			productRefGroup = EF4E139918EE84A3005002C8 /* Products */;
			projectDirPath = "";
			projectRoot = "";
			targets = (
				EF4E139718EE84A3005002C8 /* LSCameraDemo */,
				EF4E13B818EE84A3005002C8 /* LSCameraDemoTests */,
			);
		};
/* End PBXProject section */

/* Begin PBXResourcesBuildPhase section */
		EF4E139618EE84A3005002C8 /* Resources */ = {
			isa = PBXResourcesBuildPhase;
			buildActionMask = 2147483647;
			files = (
				EF4E146118EE8E45005002C8 /* LX.caf in Resources */,
				EF4E147618EE8E45005002C8 /* bgm_cover_7.png in Resources */,
				EF4E147918EE8E45005002C8 /* bgm_cover_8@2x.png in Resources */,
				EF4E147018EE8E45005002C8 /* bgm_cover_4.png in Resources */,
				EF4E146E18EE8E45005002C8 /* bgm_cover_3.png in Resources */,
				EF4E145C18EE8E45005002C8 /* Diary.caf in Resources */,
				EF4E146718EE8E45005002C8 /* bgm_cover_0@2x.png in Resources */,
				EF4E146918EE8E45005002C8 /* bgm_cover_10.png in Resources */,
				EF4E146F18EE8E45005002C8 /* bgm_cover_3@2x.png in Resources */,
				EF4E146418EE8E45005002C8 /* XXX.caf in Resources */,
				EF4E146218EE8E45005002C8 /* Summer.caf in Resources */,
				EF4E147818EE8E45005002C8 /* bgm_cover_8.png in Resources */,
				EF4E145F18EE8E45005002C8 /* IBelieve.caf in Resources */,
				EF4E147218EE8E45005002C8 /* bgm_cover_5.png in Resources */,
				EF4E146C18EE8E45005002C8 /* bgm_cover_2.png in Resources */,
				EF4E146518EE8E45005002C8 /* ZG.caf in Resources */,
				EF4E146318EE8E45005002C8 /* TheMass.caf in Resources */,
				EF4E147518EE8E45005002C8 /* bgm_cover_6@2x.png in Resources */,
				EF4E146A18EE8E45005002C8 /* bgm_cover_10@2x.png in Resources */,
				EF4E147B18EE8E45005002C8 /* bgm_cover_9@2x.png in Resources */,
				B4BAE5C61D894A1600AAC795 /* Launch Screen.storyboard in Resources */,
				EF4E13D918EE8666005002C8 /* AKCamera.bundle in Resources */,
				EF4E13B418EE84A3005002C8 /* Images.xcassets in Resources */,
				EF4E147A18EE8E45005002C8 /* bgm_cover_9.png in Resources */,
				EF4E13A618EE84A3005002C8 /* InfoPlist.strings in Resources */,
				EF4E146D18EE8E45005002C8 /* bgm_cover_2@2x.png in Resources */,
				EF4E146618EE8E45005002C8 /* bgm_cover_0.png in Resources */,
				EF4E145E18EE8E45005002C8 /* GQQ.caf in Resources */,
				EF4E147118EE8E45005002C8 /* bgm_cover_4@2x.png in Resources */,
				EF4E146B18EE8E45005002C8 /* bgm_cover_1@2x.png in Resources */,
				EF4E147718EE8E45005002C8 /* bgm_cover_7@2x.png in Resources */,
				EF4E147318EE8E45005002C8 /* bgm_cover_5@2x.png in Resources */,
				EF4E145D18EE8E45005002C8 /* DT.caf in Resources */,
				EF4E13AF18EE84A3005002C8 /* Main.storyboard in Resources */,
				EF4E146018EE8E45005002C8 /* KN.caf in Resources */,
				EF4E147418EE8E45005002C8 /* bgm_cover_6.png in Resources */,
				EF4E146818EE8E45005002C8 /* bgm_cover_1.png in Resources */,
			);
			runOnlyForDeploymentPostprocessing = 0;
		};
		EF4E13B718EE84A3005002C8 /* Resources */ = {
			isa = PBXResourcesBuildPhase;
			buildActionMask = 2147483647;
			files = (
				EF4E13C518EE84A3005002C8 /* InfoPlist.strings in Resources */,
			);
			runOnlyForDeploymentPostprocessing = 0;
		};
/* End PBXResourcesBuildPhase section */

/* Begin PBXSourcesBuildPhase section */
		EF4E139418EE84A3005002C8 /* Sources */ = {
			isa = PBXSourcesBuildPhase;
			buildActionMask = 2147483647;
			files = (
				EF4E142318EE86C5005002C8 /* AKCameraLocationViewController.m in Sources */,
				EF4E13AC18EE84A3005002C8 /* LSCameraAppDelegate.m in Sources */,
				EF4E142E18EE86C5005002C8 /* AKCameraSwitch.m in Sources */,
				EF4E147E18EE8F33005002C8 /* AKCameraDownloader.m in Sources */,
				EF4E143418EE86C5005002C8 /* AKCameraViewController.m in Sources */,
				EF4E142A18EE86C5005002C8 /* AKCameraRecordViewController.m in Sources */,
				EF4E142018EE86C5005002C8 /* AKCameraEditViewController.m in Sources */,
				EF4E143518EE86C5005002C8 /* AKRecordProgressView.m in Sources */,
				EF4E142218EE86C5005002C8 /* AKCameraFocusView.m in Sources */,
				EF4E142518EE86C5005002C8 /* AKCameraNavigationBar.m in Sources */,
				EF4E142B18EE86C5005002C8 /* AKCameraSaveViewController.m in Sources */,
				EF4E142818EE86C5005002C8 /* AKCameraProgressHUD.m in Sources */,
				EF4E143018EE86C5005002C8 /* AKCameraThumbnailPicker.m in Sources */,
				EF4E141D18EE86C5005002C8 /* AKCameraCache.m in Sources */,
				EF4E143718EE86C5005002C8 /* AVPlayer+TrackVolume.m in Sources */,
				EF4E142618EE86C5005002C8 /* AKCameraNavigationController.m in Sources */,
				EF4E142918EE86C5005002C8 /* AKCameraRecordView.m in Sources */,
				EF4E141C18EE86C5005002C8 /* AKCameraBGMCell.m in Sources */,
				EF4E142D18EE86C5005002C8 /* AKCameraStyle.m in Sources */,
				EF4E13B218EE84A3005002C8 /* LSCameraViewController.m in Sources */,
				EF4E143118EE86C5005002C8 /* AKCameraTool.m in Sources */,
				EF4E13A818EE84A3005002C8 /* main.m in Sources */,
				EF4E141B18EE86C5005002C8 /* AKCameraBGM.m in Sources */,
				EF4E143318EE86C5005002C8 /* AKCameraVideoPreview.m in Sources */,
				EF4E143818EE86C5005002C8 /* UIImage+AKExtension.m in Sources */,
				EF4E148318EEA482005002C8 /* UIImageView+AKCameraWebImageView.m in Sources */,
				EF4E141E18EE86C5005002C8 /* AKCameraCaputure.m in Sources */,
				EF4E142F18EE86C5005002C8 /* AKCameraTextView.m in Sources */,
				EF4E141F18EE86C5005002C8 /* AKCameraChannelViewController.m in Sources */,
				EF4E143218EE86C5005002C8 /* AKCameraUtils.m in Sources */,
				EF4E142C18EE86C5005002C8 /* AKCameraSoundTrackView.m in Sources */,
				EF4E143918EE86C5005002C8 /* UIImage+AKResize.m in Sources */,
				EF4E142718EE86C5005002C8 /* AKCameraPlayer.m in Sources */,
				EF4E142418EE86C5005002C8 /* AKCameraMessageHUD.m in Sources */,
				EF4E142118EE86C5005002C8 /* AKCameraExporter.m in Sources */,
				EF4E143618EE86C5005002C8 /* AKVideo.m in Sources */,
			);
			runOnlyForDeploymentPostprocessing = 0;
		};
		EF4E13B518EE84A3005002C8 /* Sources */ = {
			isa = PBXSourcesBuildPhase;
			buildActionMask = 2147483647;
			files = (
				EF4E13C718EE84A3005002C8 /* LSCameraDemoTests.m in Sources */,
			);
			runOnlyForDeploymentPostprocessing = 0;
		};
/* End PBXSourcesBuildPhase section */

/* Begin PBXTargetDependency section */
		EF4E13BF18EE84A3005002C8 /* PBXTargetDependency */ = {
			isa = PBXTargetDependency;
			target = EF4E139718EE84A3005002C8 /* LSCameraDemo */;
			targetProxy = EF4E13BE18EE84A3005002C8 /* PBXContainerItemProxy */;
		};
/* End PBXTargetDependency section */

/* Begin PBXVariantGroup section */
		B4BAE5C41D894A1600AAC795 /* Launch Screen.storyboard */ = {
			isa = PBXVariantGroup;
			children = (
				B4BAE5C51D894A1600AAC795 /* Base */,
			);
			name = "Launch Screen.storyboard";
			sourceTree = "<group>";
		};
		EF4E13A418EE84A3005002C8 /* InfoPlist.strings */ = {
			isa = PBXVariantGroup;
			children = (
				EF4E13A518EE84A3005002C8 /* en */,
			);
			name = InfoPlist.strings;
			sourceTree = "<group>";
		};
		EF4E13AD18EE84A3005002C8 /* Main.storyboard */ = {
			isa = PBXVariantGroup;
			children = (
				EF4E13AE18EE84A3005002C8 /* Base */,
			);
			name = Main.storyboard;
			sourceTree = "<group>";
		};
		EF4E13C318EE84A3005002C8 /* InfoPlist.strings */ = {
			isa = PBXVariantGroup;
			children = (
				EF4E13C418EE84A3005002C8 /* en */,
			);
			name = InfoPlist.strings;
			sourceTree = "<group>";
		};
/* End PBXVariantGroup section */

/* Begin XCBuildConfiguration section */
		EF4E13C818EE84A3005002C8 /* Debug */ = {
			isa = XCBuildConfiguration;
			buildSettings = {
				ALWAYS_SEARCH_USER_PATHS = NO;
				CLANG_CXX_LANGUAGE_STANDARD = "gnu++0x";
				CLANG_CXX_LIBRARY = "libc++";
				CLANG_ENABLE_MODULES = YES;
				CLANG_ENABLE_OBJC_ARC = YES;
				CLANG_WARN_BOOL_CONVERSION = YES;
				CLANG_WARN_CONSTANT_CONVERSION = YES;
				CLANG_WARN_DIRECT_OBJC_ISA_USAGE = YES_ERROR;
				CLANG_WARN_EMPTY_BODY = YES;
				CLANG_WARN_ENUM_CONVERSION = YES;
				CLANG_WARN_INT_CONVERSION = YES;
				CLANG_WARN_OBJC_ROOT_CLASS = YES_ERROR;
				CLANG_WARN__DUPLICATE_METHOD_MATCH = YES;
				"CODE_SIGN_IDENTITY[sdk=iphoneos*]" = "iPhone Developer";
				COPY_PHASE_STRIP = NO;
				GCC_C_LANGUAGE_STANDARD = gnu99;
				GCC_DYNAMIC_NO_PIC = NO;
				GCC_OPTIMIZATION_LEVEL = 0;
				GCC_PREPROCESSOR_DEFINITIONS = (
					"DEBUG=1",
					"$(inherited)",
				);
				GCC_SYMBOLS_PRIVATE_EXTERN = NO;
				GCC_WARN_64_TO_32_BIT_CONVERSION = YES;
				GCC_WARN_ABOUT_RETURN_TYPE = YES_ERROR;
				GCC_WARN_UNDECLARED_SELECTOR = YES;
				GCC_WARN_UNINITIALIZED_AUTOS = YES_AGGRESSIVE;
				GCC_WARN_UNUSED_FUNCTION = YES;
				GCC_WARN_UNUSED_VARIABLE = YES;
				IPHONEOS_DEPLOYMENT_TARGET = 7.1;
				ONLY_ACTIVE_ARCH = YES;
				SDKROOT = iphoneos;
			};
			name = Debug;
		};
		EF4E13C918EE84A3005002C8 /* Release */ = {
			isa = XCBuildConfiguration;
			buildSettings = {
				ALWAYS_SEARCH_USER_PATHS = NO;
				CLANG_CXX_LANGUAGE_STANDARD = "gnu++0x";
				CLANG_CXX_LIBRARY = "libc++";
				CLANG_ENABLE_MODULES = YES;
				CLANG_ENABLE_OBJC_ARC = YES;
				CLANG_WARN_BOOL_CONVERSION = YES;
				CLANG_WARN_CONSTANT_CONVERSION = YES;
				CLANG_WARN_DIRECT_OBJC_ISA_USAGE = YES_ERROR;
				CLANG_WARN_EMPTY_BODY = YES;
				CLANG_WARN_ENUM_CONVERSION = YES;
				CLANG_WARN_INT_CONVERSION = YES;
				CLANG_WARN_OBJC_ROOT_CLASS = YES_ERROR;
				CLANG_WARN__DUPLICATE_METHOD_MATCH = YES;
				"CODE_SIGN_IDENTITY[sdk=iphoneos*]" = "iPhone Developer";
				COPY_PHASE_STRIP = YES;
				ENABLE_NS_ASSERTIONS = NO;
				GCC_C_LANGUAGE_STANDARD = gnu99;
				GCC_WARN_64_TO_32_BIT_CONVERSION = YES;
				GCC_WARN_ABOUT_RETURN_TYPE = YES_ERROR;
				GCC_WARN_UNDECLARED_SELECTOR = YES;
				GCC_WARN_UNINITIALIZED_AUTOS = YES_AGGRESSIVE;
				GCC_WARN_UNUSED_FUNCTION = YES;
				GCC_WARN_UNUSED_VARIABLE = YES;
				IPHONEOS_DEPLOYMENT_TARGET = 7.1;
				SDKROOT = iphoneos;
				VALIDATE_PRODUCT = YES;
			};
			name = Release;
		};
		EF4E13CB18EE84A3005002C8 /* Debug */ = {
			isa = XCBuildConfiguration;
			buildSettings = {
				ASSETCATALOG_COMPILER_APPICON_NAME = AppIcon;
				ASSETCATALOG_COMPILER_LAUNCHIMAGE_NAME = LaunchImage;
				DEVELOPMENT_TEAM = 76XCR3Q3Z3;
				FRAMEWORK_SEARCH_PATHS = (
					"$(inherited)",
					"$(PROJECT_DIR)/LSCameraDemo",
				);
				GCC_PRECOMPILE_PREFIX_HEADER = YES;
				GCC_PREFIX_HEADER = "LSCameraDemo/LSCameraDemo-Prefix.pch";
				INFOPLIST_FILE = "LSCameraDemo/LSCameraDemo-Info.plist";
				IPHONEOS_DEPLOYMENT_TARGET = 6.0;
				PRODUCT_NAME = "$(TARGET_NAME)";
				WRAPPER_EXTENSION = app;
			};
			name = Debug;
		};
		EF4E13CC18EE84A3005002C8 /* Release */ = {
			isa = XCBuildConfiguration;
			buildSettings = {
				ASSETCATALOG_COMPILER_APPICON_NAME = AppIcon;
				ASSETCATALOG_COMPILER_LAUNCHIMAGE_NAME = LaunchImage;
				DEVELOPMENT_TEAM = 76XCR3Q3Z3;
				FRAMEWORK_SEARCH_PATHS = (
					"$(inherited)",
					"$(PROJECT_DIR)/LSCameraDemo",
				);
				GCC_PRECOMPILE_PREFIX_HEADER = YES;
				GCC_PREFIX_HEADER = "LSCameraDemo/LSCameraDemo-Prefix.pch";
				INFOPLIST_FILE = "LSCameraDemo/LSCameraDemo-Info.plist";
				IPHONEOS_DEPLOYMENT_TARGET = 6.0;
				PRODUCT_NAME = "$(TARGET_NAME)";
				WRAPPER_EXTENSION = app;
			};
			name = Release;
		};
		EF4E13CE18EE84A3005002C8 /* Debug */ = {
			isa = XCBuildConfiguration;
			buildSettings = {
				BUNDLE_LOADER = "$(BUILT_PRODUCTS_DIR)/LSCameraDemo.app/LSCameraDemo";
				FRAMEWORK_SEARCH_PATHS = (
					"$(SDKROOT)/Developer/Library/Frameworks",
					"$(inherited)",
					"$(DEVELOPER_FRAMEWORKS_DIR)",
				);
				GCC_PRECOMPILE_PREFIX_HEADER = YES;
				GCC_PREFIX_HEADER = "LSCameraDemo/LSCameraDemo-Prefix.pch";
				GCC_PREPROCESSOR_DEFINITIONS = (
					"DEBUG=1",
					"$(inherited)",
				);
				INFOPLIST_FILE = "LSCameraDemoTests/LSCameraDemoTests-Info.plist";
				PRODUCT_NAME = "$(TARGET_NAME)";
				TEST_HOST = "$(BUNDLE_LOADER)";
				WRAPPER_EXTENSION = xctest;
			};
			name = Debug;
		};
		EF4E13CF18EE84A3005002C8 /* Release */ = {
			isa = XCBuildConfiguration;
			buildSettings = {
				BUNDLE_LOADER = "$(BUILT_PRODUCTS_DIR)/LSCameraDemo.app/LSCameraDemo";
				FRAMEWORK_SEARCH_PATHS = (
					"$(SDKROOT)/Developer/Library/Frameworks",
					"$(inherited)",
					"$(DEVELOPER_FRAMEWORKS_DIR)",
				);
				GCC_PRECOMPILE_PREFIX_HEADER = YES;
				GCC_PREFIX_HEADER = "LSCameraDemo/LSCameraDemo-Prefix.pch";
				INFOPLIST_FILE = "LSCameraDemoTests/LSCameraDemoTests-Info.plist";
				PRODUCT_NAME = "$(TARGET_NAME)";
				TEST_HOST = "$(BUNDLE_LOADER)";
				WRAPPER_EXTENSION = xctest;
			};
			name = Release;
		};
/* End XCBuildConfiguration section */

/* Begin XCConfigurationList section */
		EF4E139318EE84A3005002C8 /* Build configuration list for PBXProject "LSCameraDemo" */ = {
			isa = XCConfigurationList;
			buildConfigurations = (
				EF4E13C818EE84A3005002C8 /* Debug */,
				EF4E13C918EE84A3005002C8 /* Release */,
			);
			defaultConfigurationIsVisible = 0;
			defaultConfigurationName = Release;
		};
		EF4E13CA18EE84A3005002C8 /* Build configuration list for PBXNativeTarget "LSCameraDemo" */ = {
			isa = XCConfigurationList;
			buildConfigurations = (
				EF4E13CB18EE84A3005002C8 /* Debug */,
				EF4E13CC18EE84A3005002C8 /* Release */,
			);
			defaultConfigurationIsVisible = 0;
			defaultConfigurationName = Release;
		};
		EF4E13CD18EE84A3005002C8 /* Build configuration list for PBXNativeTarget "LSCameraDemoTests" */ = {
			isa = XCConfigurationList;
			buildConfigurations = (
				EF4E13CE18EE84A3005002C8 /* Debug */,
				EF4E13CF18EE84A3005002C8 /* Release */,
			);
			defaultConfigurationIsVisible = 0;
			defaultConfigurationName = Release;
		};
/* End XCConfigurationList section */
	};
	rootObject = EF4E139018EE84A3005002C8 /* Project object */;
}
